
Microsoft Visual Studio Solution File, Format Version 12.00
Project("{FAE04EC0-301F-11D3-BF4B-00C04F79EFBC}") = "thorn", "thorn\thorn.csproj", "{366FBCEE-A4E8-4EED-9647-BAF3221702F7}"
EndProject
Global
	GlobalSection(SolutionConfigurationPlatforms) = preSolution
		Debug|Any CPU = Debug|Any CPU
		Release|Any CPU = Release|Any CPU
	EndGlobalSection
	GlobalSection(ProjectConfigurationPlatforms) = postSolution
		{366FBCEE-A4E8-4EED-9647-BAF3221702F7}.Debug|Any CPU.ActiveCfg = Debug|Any CPU
		{366FBCEE-A4E8-4EED-9647-BAF3221702F7}.Debug|Any CPU.Build.0 = Debug|Any CPU
		{366FBCEE-A4E8-4EED-9647-BAF3221702F7}.Release|Any CPU.ActiveCfg = Release|Any CPU
		{366FBCEE-A4E8-4EED-9647-BAF3221702F7}.Release|Any CPU.Build.0 = Release|Any CPU
	EndGlobalSection
EndGlobal
